
Microsoft Visual Studio Solution File, Format Version 12.00
# Visual Studio 2013
VisualStudioVersion = 12.0.21005.1
MinimumVisualStudioVersion = 10.0.40219.1
Project("{FAE04EC0-301F-11D3-BF4B-00C04F79EFBC}") = "BitEdLib", "BitEdLib\BitEdLib.csproj", "{1554E75D-7EDE-4527-8B46-1A3B61BE47C7}"
EndProject
Project("{FAE04EC0-301F-11D3-BF4B-00C04F79EFBC}") = "BitBuild", "BitBuild\BitBuild.csproj", "{E5142E35-14FA-4DC3-94DC-072ECE5BBBEE}"
EndProject
Project("{FAE04EC0-301F-11D3-BF4B-00C04F79EFBC}") = "BitBackHTTPDebug", "BitBackHTTPDebug\BitBackHTTPDebug.csproj", "{050C2D22-1B58-47C2-A5CA-9B9693718876}"
EndProject
Project("{FAE04EC0-301F-11D3-BF4B-00C04F79EFBC}") = "BitBridge", "BitBridge\BitBridge.csproj", "{D387661D-51AF-48B8-94D1-970FF751C066}"
EndProject
Project("{FAE04EC0-301F-11D3-BF4B-00C04F79EFBC}") = "BitEdTool", "BitEdTool\BitEdTool.csproj", "{4A383B19-7B39-4A9C-9D82-DBEDD035AEE2}"
EndProject
Project("{FAE04EC0-301F-11D3-BF4B-00C04F79EFBC}") = "BitEdConsole", "BitEdConsole\BitEdConsole.csproj", "{55B72E9D-6A6A-4F20-8693-2C7B696670D3}"
EndProject
Project("{FAE04EC0-301F-11D3-BF4B-00C04F79EFBC}") = "BitEdToolTheme", "BitEdToolTheme\BitEdToolTheme.csproj", "{8F9F9609-6D50-4494-88AE-50E1225349E0}"
EndProject
Project("{FAE04EC0-301F-11D3-BF4B-00C04F79EFBC}") = "BitEdToolRender", "BitEdToolRender\BitEdToolRender.csproj", "{47BB4579-F9BF-4020-8B33-342CB5B19E9B}"
EndProject
Global
	GlobalSection(SolutionConfigurationPlatforms) = preSolution
		Debug|Any CPU = Debug|Any CPU
		Release|Any CPU = Release|Any CPU
	EndGlobalSection
	GlobalSection(ProjectConfigurationPlatforms) = postSolution
		{1554E75D-7EDE-4527-8B46-1A3B61BE47C7}.Debug|Any CPU.ActiveCfg = Debug|Any CPU
		{1554E75D-7EDE-4527-8B46-1A3B61BE47C7}.Debug|Any CPU.Build.0 = Debug|Any CPU
		{1554E75D-7EDE-4527-8B46-1A3B61BE47C7}.Release|Any CPU.ActiveCfg = Release|Any CPU
		{1554E75D-7EDE-4527-8B46-1A3B61BE47C7}.Release|Any CPU.Build.0 = Release|Any CPU
		{E5142E35-14FA-4DC3-94DC-072ECE5BBBEE}.Debug|Any CPU.ActiveCfg = Debug|Any CPU
		{E5142E35-14FA-4DC3-94DC-072ECE5BBBEE}.Debug|Any CPU.Build.0 = Debug|Any CPU
		{E5142E35-14FA-4DC3-94DC-072ECE5BBBEE}.Release|Any CPU.ActiveCfg = Release|Any CPU
		{E5142E35-14FA-4DC3-94DC-072ECE5BBBEE}.Release|Any CPU.Build.0 = Release|Any CPU
		{050C2D22-1B58-47C2-A5CA-9B9693718876}.Debug|Any CPU.ActiveCfg = Debug|Any CPU
		{050C2D22-1B58-47C2-A5CA-9B9693718876}.Debug|Any CPU.Build.0 = Debug|Any CPU
		{050C2D22-1B58-47C2-A5CA-9B9693718876}.Release|Any CPU.ActiveCfg = Release|Any CPU
		{050C2D22-1B58-47C2-A5CA-9B9693718876}.Release|Any CPU.Build.0 = Release|Any CPU
		{D387661D-51AF-48B8-94D1-970FF751C066}.Debug|Any CPU.ActiveCfg = Debug|Any CPU
		{D387661D-51AF-48B8-94D1-970FF751C066}.Debug|Any CPU.Build.0 = Debug|Any CPU
		{D387661D-51AF-48B8-94D1-970FF751C066}.Release|Any CPU.ActiveCfg = Release|Any CPU
		{D387661D-51AF-48B8-94D1-970FF751C066}.Release|Any CPU.Build.0 = Release|Any CPU
		{4A383B19-7B39-4A9C-9D82-DBEDD035AEE2}.Debug|Any CPU.ActiveCfg = Debug|Any CPU
		{4A383B19-7B39-4A9C-9D82-DBEDD035AEE2}.Debug|Any CPU.Build.0 = Debug|Any CPU
		{4A383B19-7B39-4A9C-9D82-DBEDD035AEE2}.Release|Any CPU.ActiveCfg = Release|Any CPU
		{4A383B19-7B39-4A9C-9D82-DBEDD035AEE2}.Release|Any CPU.Build.0 = Release|Any CPU
		{55B72E9D-6A6A-4F20-8693-2C7B696670D3}.Debug|Any CPU.ActiveCfg = Debug|Any CPU
		{55B72E9D-6A6A-4F20-8693-2C7B696670D3}.Debug|Any CPU.Build.0 = Debug|Any CPU
		{55B72E9D-6A6A-4F20-8693-2C7B696670D3}.Release|Any CPU.ActiveCfg = Release|Any CPU
		{55B72E9D-6A6A-4F20-8693-2C7B696670D3}.Release|Any CPU.Build.0 = Release|Any CPU
		{8F9F9609-6D50-4494-88AE-50E1225349E0}.Debug|Any CPU.ActiveCfg = Debug|Any CPU
		{8F9F9609-6D50-4494-88AE-50E1225349E0}.Debug|Any CPU.Build.0 = Debug|Any CPU
		{8F9F9609-6D50-4494-88AE-50E1225349E0}.Release|Any CPU.ActiveCfg = Release|Any CPU
		{8F9F9609-6D50-4494-88AE-50E1225349E0}.Release|Any CPU.Build.0 = Release|Any CPU
		{47BB4579-F9BF-4020-8B33-342CB5B19E9B}.Debug|Any CPU.ActiveCfg = Debug|Any CPU
		{47BB4579-F9BF-4020-8B33-342CB5B19E9B}.Debug|Any CPU.Build.0 = Debug|Any CPU
		{47BB4579-F9BF-4020-8B33-342CB5B19E9B}.Release|Any CPU.ActiveCfg = Release|Any CPU
		{47BB4579-F9BF-4020-8B33-342CB5B19E9B}.Release|Any CPU.Build.0 = Release|Any CPU
	EndGlobalSection
	GlobalSection(SolutionProperties) = preSolution
		HideSolutionNode = FALSE
	EndGlobalSection
EndGlobal
