
Microsoft Visual Studio Solution File, Format Version 12.00
# Visual Studio 2013
VisualStudioVersion = 12.0.21005.1
MinimumVisualStudioVersion = 10.0.40219.1
Project("{FAE04EC0-301F-11D3-BF4B-00C04F79EFBC}") = "BitEdLib", "BitEdLib\BitEdLib.csproj", "{1554E75D-7EDE-4527-8B46-1A3B61BE47C7}"
EndProject
Project("{FAE04EC0-301F-11D3-BF4B-00C04F79EFBC}") = "BitBackHTTPDebug", "BitBackHTTPDebug\BitBackHTTPDebug.csproj", "{050C2D22-1B58-47C2-A5CA-9B9693718876}"
EndProject
Project("{FAE04EC0-301F-11D3-BF4B-00C04F79EFBC}") = "BitEdTool", "BitEdTool\BitEdTool.csproj", "{4A383B19-7B39-4A9C-9D82-DBEDD035AEE2}"
EndProject
Project("{FAE04EC0-301F-11D3-BF4B-00C04F79EFBC}") = "BitEdConsole", "BitEdConsole\BitEdConsole.csproj", "{55B72E9D-6A6A-4F20-8693-2C7B696670D3}"
EndProject
Project("{FAE04EC0-301F-11D3-BF4B-00C04F79EFBC}") = "BitEdToolTheme", "BitEdToolTheme\BitEdToolTheme.csproj", "{8F9F9609-6D50-4494-88AE-50E1225349E0}"
EndProject
Project("{2150E333-8FDC-42A3-9474-1A3956D46DE8}") = "Solution Items", "Solution Items", "{CB436429-7234-4A93-889B-68911BE7DD49}"
	ProjectSection(SolutionItems) = preProject
		Performance1.psess = Performance1.psess
	EndProjectSection
EndProject
Global
	GlobalSection(SolutionConfigurationPlatforms) = preSolution
		Debug|Any CPU = Debug|Any CPU
		Release|Any CPU = Release|Any CPU
	EndGlobalSection
	GlobalSection(ProjectConfigurationPlatforms) = postSolution
		{1554E75D-7EDE-4527-8B46-1A3B61BE47C7}.Debug|Any CPU.ActiveCfg = Debug|Any CPU
		{1554E75D-7EDE-4527-8B46-1A3B61BE47C7}.Debug|Any CPU.Build.0 = Debug|Any CPU
		{1554E75D-7EDE-4527-8B46-1A3B61BE47C7}.Release|Any CPU.ActiveCfg = Release|Any CPU
		{1554E75D-7EDE-4527-8B46-1A3B61BE47C7}.Release|Any CPU.Build.0 = Release|Any CPU
		{050C2D22-1B58-47C2-A5CA-9B9693718876}.Debug|Any CPU.ActiveCfg = Debug|Any CPU
		{050C2D22-1B58-47C2-A5CA-9B9693718876}.Debug|Any CPU.Build.0 = Debug|Any CPU
		{050C2D22-1B58-47C2-A5CA-9B9693718876}.Release|Any CPU.ActiveCfg = Release|Any CPU
		{050C2D22-1B58-47C2-A5CA-9B9693718876}.Release|Any CPU.Build.0 = Release|Any CPU
		{4A383B19-7B39-4A9C-9D82-DBEDD035AEE2}.Debug|Any CPU.ActiveCfg = Debug|Any CPU
		{4A383B19-7B39-4A9C-9D82-DBEDD035AEE2}.Debug|Any CPU.Build.0 = Debug|Any CPU
		{4A383B19-7B39-4A9C-9D82-DBEDD035AEE2}.Release|Any CPU.ActiveCfg = Release|Any CPU
		{4A383B19-7B39-4A9C-9D82-DBEDD035AEE2}.Release|Any CPU.Build.0 = Release|Any CPU
		{55B72E9D-6A6A-4F20-8693-2C7B696670D3}.Debug|Any CPU.ActiveCfg = Debug|Any CPU
		{55B72E9D-6A6A-4F20-8693-2C7B696670D3}.Debug|Any CPU.Build.0 = Debug|Any CPU
		{55B72E9D-6A6A-4F20-8693-2C7B696670D3}.Release|Any CPU.ActiveCfg = Release|Any CPU
		{55B72E9D-6A6A-4F20-8693-2C7B696670D3}.Release|Any CPU.Build.0 = Release|Any CPU
		{8F9F9609-6D50-4494-88AE-50E1225349E0}.Debug|Any CPU.ActiveCfg = Debug|Any CPU
		{8F9F9609-6D50-4494-88AE-50E1225349E0}.Debug|Any CPU.Build.0 = Debug|Any CPU
		{8F9F9609-6D50-4494-88AE-50E1225349E0}.Release|Any CPU.ActiveCfg = Release|Any CPU
		{8F9F9609-6D50-4494-88AE-50E1225349E0}.Release|Any CPU.Build.0 = Release|Any CPU
	EndGlobalSection
	GlobalSection(SolutionProperties) = preSolution
		HideSolutionNode = FALSE
	EndGlobalSection
EndGlobal
